{
  "name": "dynamicdnd",
  "version": "1.0.0",
  "lockfileVersion": 3,
  "requires": true,
  "packages": {
    "": {
      "name": "dynamicdnd",
      "version": "1.0.0",
      "license": "ISC",
      "dependencies": {
        "gstack": "^1.0.5"
      }
    },
    "node_modules/gstack": {
      "version": "1.0.5",
      "resolved": "https://registry.npmjs.org/gstack/-/gstack-1.0.5.tgz",
      "integrity": "sha512-1RzFA1zRqqRvge2jlUJQKZwAJQzHGMWdboGYLbMaejvd77/l6U6qwY1c3wIQ59vqpuVD/g3wYGdjhAtT9FleKQ==",
      "license": "ISC"
    }
  }
}
